
Microsoft Visual Studio Solution File, Format Version 12.00
# Visual Studio Version 17
VisualStudioVersion = 17.4.33213.308
MinimumVisualStudioVersion = 10.0.40219.1
Project("{2150E333-8FDC-42A3-9474-1A3956D46DE8}") = "01_Classes", "01_Classes", "{BF03F626-7AEA-478F-A35D-31EB5AE41C22}"
EndProject
Project("{9A19103F-16F7-4668-BE54-9A1E7A4F7556}") = "01_Demo", "Classes\01_Demo\01_Demo.csproj", "{0E5A6E87-0221-4A96-AC52-790C948C1D0B}"
EndProject
Project("{9A19103F-16F7-4668-BE54-9A1E7A4F7556}") = "02_01_Constructors", "Classes\Constructors\02_01_Constructors.csproj", "{EE206EF1-2391-4923-AE9C-A292ED27063B}"
EndProject
Project("{9A19103F-16F7-4668-BE54-9A1E7A4F7556}") = "02_02_Constructors", "Classes\02_02_Constructors\02_02_Constructors.csproj", "{00158A5A-97CD-4835-92FB-E325EFA17758}"
EndProject
Project("{9A19103F-16F7-4668-BE54-9A1E7A4F7556}") = "02_03_Constructors", "Classes\02_03_Constructors\02_03_Constructors.csproj", "{72C743B5-CCC9-4EC6-8F44-795DE671B07F}"
EndProject
Project("{9A19103F-16F7-4668-BE54-9A1E7A4F7556}") = "03_ClassAsArg", "Classes\ClassAsArg\03_ClassAsArg.csproj", "{99E618B6-C7B2-4671-A379-3E8FC7BE285D}"
EndProject
Project("{9A19103F-16F7-4668-BE54-9A1E7A4F7556}") = "04_AutoProperties", "Classes\04_AutoProperties\04_AutoProperties.csproj", "{5513B326-926E-4251-BF0D-6C0BE7BA3F8B}"
EndProject
Project("{9A19103F-16F7-4668-BE54-9A1E7A4F7556}") = "05_Document", "Classes\05_Document\05_Document.csproj", "{D69410D7-9A65-4467-AC50-CF255702E5D8}"
EndProject
Project("{9A19103F-16F7-4668-BE54-9A1E7A4F7556}") = "06_PartialClass", "Classes\06_PartialClass\06_PartialClass.csproj", "{82A599E1-CA47-4FCD-B26E-73CA71E0B37E}"
EndProject
Project("{9A19103F-16F7-4668-BE54-9A1E7A4F7556}") = "07_NonEncapsulation", "Classes\07_NonEncapsulation\07_NonEncapsulation.csproj", "{3967EC6A-2141-45BB-981F-082E36DA4FA1}"
EndProject
Project("{9A19103F-16F7-4668-BE54-9A1E7A4F7556}") = "08_Readonly", "Classes\08_Readonly\08_Readonly.csproj", "{775AFA24-78A6-4DF5-940F-837BDA8DCF1F}"
EndProject
Project("{2150E333-8FDC-42A3-9474-1A3956D46DE8}") = "03_Statics", "03_Statics", "{1FCAF553-DE09-438A-A666-39A16B468849}"
EndProject
Project("{9A19103F-16F7-4668-BE54-9A1E7A4F7556}") = "01_Statics", "Statics\StaticsMembers\01_Statics.csproj", "{7F9E4EEA-880A-4D45-A719-B86B82B18340}"
EndProject
Project("{9A19103F-16F7-4668-BE54-9A1E7A4F7556}") = "02_StaticConstructor", "Statics\StaticConstructor\02_StaticConstructor.csproj", "{12CB5D02-2EAD-422D-BDB6-6C9A2086CED5}"
EndProject
Project("{9A19103F-16F7-4668-BE54-9A1E7A4F7556}") = "03_StaticClass", "Statics\StaticClass\03_StaticClass.csproj", "{AA86A66F-9097-4A54-B389-C467D84B8348}"
EndProject
Project("{9A19103F-16F7-4668-BE54-9A1E7A4F7556}") = "02_04_Inheritance", "Classes\02_04_Inheritance\02_04_Inheritance.csproj", "{8E522541-0F0A-42DB-8F9B-94C4673ADAB1}"
EndProject
Project("{9A19103F-16F7-4668-BE54-9A1E7A4F7556}") = "02_05_Inheritance", "Classes\02_05_Inheritance\02_05_Inheritance.csproj", "{53EC431D-CB5C-4CD1-B313-30491BD9F62C}"
EndProject
Project("{9A19103F-16F7-4668-BE54-9A1E7A4F7556}") = "02_06_Inheritance", "Classes\02_06_Inheritance\02_06_Inheritance.csproj", "{F0E9E583-DF89-4A22-87D0-D3F7759E9CFB}"
EndProject
Project("{9A19103F-16F7-4668-BE54-9A1E7A4F7556}") = "02_07_Inheritance", "Classes\02_07_Inheritance\02_07_Inheritance.csproj", "{FFD11ED1-A9F0-4597-85E2-973BED8C8B82}"
EndProject
Project("{9A19103F-16F7-4668-BE54-9A1E7A4F7556}") = "02_08_Virtual", "Classes\02_08_Virtual\02_08_Virtual.csproj", "{A293CC08-3168-4262-888A-EF79F8CEAAE5}"
EndProject
Project("{9A19103F-16F7-4668-BE54-9A1E7A4F7556}") = "02_09_IsAs", "Classes\02_09_IsAs\02_09_IsAs.csproj", "{D9B16738-0F10-4599-A9F0-197A5DB6D252}"
EndProject
Project("{9A19103F-16F7-4668-BE54-9A1E7A4F7556}") = "02_10_As", "Classes\02_10_As\02_10_As.csproj", "{51F3455B-ECBD-42F5-9859-A41DC678E395}"
EndProject
Project("{9A19103F-16F7-4668-BE54-9A1E7A4F7556}") = "02_11_Sealeds", "Classes\02_11_Sealeds\02_11_Sealeds.csproj", "{2648A937-01CA-48AB-AE2D-0D69EC36812E}"
EndProject
Project("{2150E333-8FDC-42A3-9474-1A3956D46DE8}") = "02_Abstractions", "02_Abstractions", "{F81E045D-488A-43B3-8833-311D9AF29234}"
EndProject
Project("{2150E333-8FDC-42A3-9474-1A3956D46DE8}") = "Abstractions", "Abstractions", "{C6CBD655-34E1-45A8-A8E2-142594392F8B}"
EndProject
Project("{2150E333-8FDC-42A3-9474-1A3956D46DE8}") = "Interfaces", "Interfaces", "{80C95698-19F7-4F6A-8DE7-1BA73DE12859}"
EndProject
Project("{9A19103F-16F7-4668-BE54-9A1E7A4F7556}") = "01_AbstractClass", "Abstractions\01_AbstractClass\01_AbstractClass.csproj", "{6616D54F-0914-4873-8699-900ABDC21130}"
EndProject
Project("{9A19103F-16F7-4668-BE54-9A1E7A4F7556}") = "02_01_AbstractInheritance", "Abstractions\02_AbstractInheritance\02_01_AbstractInheritance.csproj", "{A5A46B85-991D-45EA-B712-476581FF781C}"
EndProject
Project("{9A19103F-16F7-4668-BE54-9A1E7A4F7556}") = "03_VirtualAndAbstract", "Abstractions\03_VirtualAndAbstract\03_VirtualAndAbstract.csproj", "{BE7186AE-CC38-48DA-9679-02848BA7AF95}"
EndProject
Project("{9A19103F-16F7-4668-BE54-9A1E7A4F7556}") = "02_02_AbstractInheritance", "Abstractions\02_02_AbstractInheritance\02_02_AbstractInheritance.csproj", "{913247D0-6C8C-4FAC-AF67-D0A415BEE420}"
EndProject
Project("{9A19103F-16F7-4668-BE54-9A1E7A4F7556}") = "04_Constructor", "Abstractions\04_Constructor\04_Constructor.csproj", "{157444D4-5FE3-49B5-B835-67F28301C535}"
EndProject
Project("{9A19103F-16F7-4668-BE54-9A1E7A4F7556}") = "01_Interfaces", "Interfaces\01_Interfaces\01_Interfaces.csproj", "{2FA79434-280C-4897-8D35-CB2892AF8B2B}"
EndProject
Project("{9A19103F-16F7-4668-BE54-9A1E7A4F7556}") = "02_TwoInterfaces", "Interfaces\02_TwoInterfaces\02_TwoInterfaces.csproj", "{EF8A25D3-21A6-4092-99DB-311A0A227079}"
EndProject
Project("{9A19103F-16F7-4668-BE54-9A1E7A4F7556}") = "03_ExplicitImplementation", "Interfaces\03_ExplicitImplementation\03_ExplicitImplementation.csproj", "{F9A32A0D-369E-4CF2-88F5-65F770ABF9D1}"
EndProject
Project("{9A19103F-16F7-4668-BE54-9A1E7A4F7556}") = "04_MultiInheritance", "Interfaces\04_MultiInheritance\04_MultiInheritance.csproj", "{5E5FFA57-C00C-48F2-8633-EDCD750AC787}"
EndProject
Project("{9A19103F-16F7-4668-BE54-9A1E7A4F7556}") = "05_SequentialInterface", "Interfaces\05_SequentialInterface\05_SequentialInterface.csproj", "{3CBA92CF-8154-44D9-88DF-86C478FABA83}"
EndProject
Project("{9A19103F-16F7-4668-BE54-9A1E7A4F7556}") = "06_UnionInterfaces", "Interfaces\06_UnionInterfaces\06_UnionInterfaces.csproj", "{620A8B19-36C0-4B01-9A12-8748373706D4}"
EndProject
Project("{9A19103F-16F7-4668-BE54-9A1E7A4F7556}") = "07_AbstractAndInterface", "Interfaces\07_AbstractAndInterface\07_AbstractAndInterface.csproj", "{976B7BAE-EDB1-4873-8341-9064BF96CAD7}"
EndProject
Project("{9A19103F-16F7-4668-BE54-9A1E7A4F7556}") = "08_OptionalImplementation", "Interfaces\08_OptionalImplementation\08_OptionalImplementation.csproj", "{EAB46831-907C-496B-890F-2A0D339F8095}"
EndProject
Project("{9A19103F-16F7-4668-BE54-9A1E7A4F7556}") = "04_01_Extensions", "Statics\04_Extensions\04_01_Extensions.csproj", "{94AE2BF8-5553-43EC-898C-FA5113F827DE}"
EndProject
Project("{9A19103F-16F7-4668-BE54-9A1E7A4F7556}") = "04_02_RecursionExtension", "Statics\04_02_RecursionExtension\04_02_RecursionExtension.csproj", "{A620729C-4E14-4A06-BFDD-660D23AF3C57}"
EndProject
Project("{2150E333-8FDC-42A3-9474-1A3956D46DE8}") = "NestedClasses_01.03", "NestedClasses_01.03", "{A7C319C4-D746-4BF4-8023-DCD213D05E58}"
EndProject
Project("{9A19103F-16F7-4668-BE54-9A1E7A4F7556}") = "01_Nested", "NestedClasses\01_Nested\01_Nested.csproj", "{D9333660-7407-4594-9242-77AB0D1AF698}"
EndProject
Project("{2150E333-8FDC-42A3-9474-1A3956D46DE8}") = "05_Records", "05_Records", "{EC3EDF30-BB79-4BC8-BEE1-64196E4B627C}"
EndProject
Project("{9A19103F-16F7-4668-BE54-9A1E7A4F7556}") = "01_CustomRecord", "Records\01_CustomRecord\01_CustomRecord.csproj", "{EDF94479-5574-4B9A-B067-39085423AD1F}"
EndProject
Project("{9A19103F-16F7-4668-BE54-9A1E7A4F7556}") = "02_Record", "Records\02_Record\02_Record.csproj", "{0F48DDAD-81AC-440E-BD15-8F53E83DAE84}"
EndProject
Project("{9A19103F-16F7-4668-BE54-9A1E7A4F7556}") = "03_NotImmutableRecord", "Records\03_NotImmutableRecord\03_NotImmutableRecord.csproj", "{AD39F448-78EF-4D43-BC10-2977E3288DB5}"
EndProject
Project("{9A19103F-16F7-4668-BE54-9A1E7A4F7556}") = "02_NestedInStruct", "NestedClasses\02_NestedInStruct\02_NestedInStruct.csproj", "{0BE27B7A-1A41-4448-B6EF-F60E6462B969}"
EndProject
Project("{2150E333-8FDC-42A3-9474-1A3956D46DE8}") = "07_Generics", "07_Generics", "{36F2A7A0-D41F-4B87-989B-5497B042176E}"
EndProject
Project("{9A19103F-16F7-4668-BE54-9A1E7A4F7556}") = "01_Generic", "Generics\01_Generic\01_Generic.csproj", "{E91B83EB-5A52-4B98-BA50-77D12D75F56B}"
EndProject
Project("{9A19103F-16F7-4668-BE54-9A1E7A4F7556}") = "02_Generics", "Generics\02_Generics\02_Generics.csproj", "{0BF8AB47-BB46-40D2-B05B-105713D51573}"
EndProject
Project("{9A19103F-16F7-4668-BE54-9A1E7A4F7556}") = "03_GenericMethod", "Generics\03_GenericMethod\03_GenericMethod.csproj", "{265D3B49-87AB-4715-8255-E79B2F238997}"
EndProject
Project("{2150E333-8FDC-42A3-9474-1A3956D46DE8}") = "06_Delegates", "06_Delegates", "{87C497EB-74CF-4414-BE42-AD31C4461322}"
EndProject
Project("{9A19103F-16F7-4668-BE54-9A1E7A4F7556}") = "01_Delegate", "Delegates\01_Delegate\01_Delegate.csproj", "{873DF498-59DC-4654-9FBE-73460DE704AC}"
EndProject
Project("{9A19103F-16F7-4668-BE54-9A1E7A4F7556}") = "02_AddRemove", "Delegates\02_AddRemove\02_AddRemove.csproj", "{206FCCE2-8F6D-440E-A09B-5B5F9E6D5D47}"
EndProject
Project("{9A19103F-16F7-4668-BE54-9A1E7A4F7556}") = "03_NotVoidParameterized", "Delegates\03_Parameterized\03_NotVoidParameterized.csproj", "{F866AB7D-2606-4D56-9A19-D5E309F3A8E3}"
EndProject
Project("{9A19103F-16F7-4668-BE54-9A1E7A4F7556}") = "04_MulticastDelegate", "Delegates\04_MulticastDelegate\04_MulticastDelegate.csproj", "{BFFA49A6-570E-46E8-82FF-1323C5197DFF}"
EndProject
Project("{9A19103F-16F7-4668-BE54-9A1E7A4F7556}") = "05_01_Lambda", "Delegates\05_Lambda\05_01_Lambda.csproj", "{EA3C8BA1-87C2-46FC-8313-403919686EF5}"
EndProject
Project("{9A19103F-16F7-4668-BE54-9A1E7A4F7556}") = "05_02_Lambda", "Delegates\05_01_Lambda\05_02_Lambda.csproj", "{DE41FA11-65F5-47DA-81DA-04A35A059F3F}"
EndProject
Project("{9A19103F-16F7-4668-BE54-9A1E7A4F7556}") = "05_03_RefOutLambda", "Delegates\05_03_Lambda\05_03_RefOutLambda.csproj", "{FF881DAD-E38D-4E15-A959-2458DEACAC5B}"
EndProject
Project("{9A19103F-16F7-4668-BE54-9A1E7A4F7556}") = "05_04_LambdaTerms", "Delegates\05_04_LambdaTerms\05_04_LambdaTerms.csproj", "{F7738CF9-457A-4AE2-BC2E-2303DC52EBBB}"
EndProject
Project("{9A19103F-16F7-4668-BE54-9A1E7A4F7556}") = "06_DelegateDelegate", "Delegates\06_DelegateDelegate\06_DelegateDelegate.csproj", "{48BB83D1-6019-4DBE-BC10-59303810EB46}"
EndProject
Project("{9A19103F-16F7-4668-BE54-9A1E7A4F7556}") = "07_Functional_107зе", "Delegates\07_Functional\07_Functional_107зе.csproj", "{A02D7F58-7DE2-447F-88C5-C747A8E2911A}"
EndProject
Project("{9A19103F-16F7-4668-BE54-9A1E7A4F7556}") = "08_Recursion", "Delegates\08_Recursion\08_Recursion.csproj", "{F1BE1369-4FFA-4C9B-BA4C-A990A09CD813}"
EndProject
Project("{9A19103F-16F7-4668-BE54-9A1E7A4F7556}") = "04_GenericDelegate", "Generics\04_GenericDelegate\04_GenericDelegate.csproj", "{685B0F90-7AF4-416D-B4D2-FA6EA39B56A9}"
EndProject
Project("{9A19103F-16F7-4668-BE54-9A1E7A4F7556}") = "05_Where", "Generics\05_Where\05_Where.csproj", "{F20F4180-E9A5-4472-A551-F5FA5E9758B8}"
EndProject
Project("{9A19103F-16F7-4668-BE54-9A1E7A4F7556}") = "06_Contravariance", "Generics\06_Contravariance\06_Contravariance.csproj", "{C5954DA4-29F7-44E0-9541-C7B7BE484684}"
EndProject
Project("{9A19103F-16F7-4668-BE54-9A1E7A4F7556}") = "07_Covariance", "Generics\07_Covariance\07_Covariance.csproj", "{2E919661-EEEC-40D9-AB57-5ABE0E1A3CDB}"
EndProject
Project("{9A19103F-16F7-4668-BE54-9A1E7A4F7556}") = "08_DelegateCovariance", "Generics\08_DelegateCovariance\08_DelegateCovariance.csproj", "{E6621237-AAD1-4731-A24B-8E9EB70DF55E}"
EndProject
Project("{9A19103F-16F7-4668-BE54-9A1E7A4F7556}") = "09_DelegateContravariance", "Generics\09_DelegateContravariance\09_DelegateContravariance.csproj", "{1A304AFC-898F-4F4B-9443-B5279097571C}"
EndProject
Project("{2150E333-8FDC-42A3-9474-1A3956D46DE8}") = "08_Events", "08_Events", "{2E787F5E-BC04-4B18-AA02-BFB864EDC64E}"
EndProject
Project("{9A19103F-16F7-4668-BE54-9A1E7A4F7556}") = "01_Events", "Events\01_Event\01_Events.csproj", "{2B2C2073-6204-41E9-B2E9-FB6C367834BD}"
EndProject
Project("{9A19103F-16F7-4668-BE54-9A1E7A4F7556}") = "01_Event", "Events\01_Event\01_Event.csproj", "{8811BB06-415B-4752-8F7E-A2EDA6A21CA6}"
EndProject
Project("{2150E333-8FDC-42A3-9474-1A3956D46DE8}") = "04_Structures", "04_Structures", "{4F341E6A-C1AE-43A3-B132-C4FC66B3273B}"
EndProject
Project("{2150E333-8FDC-42A3-9474-1A3956D46DE8}") = "Enums", "Enums", "{6FE058D9-4116-4EC3-AF54-85ACCD89D848}"
EndProject
Project("{9A19103F-16F7-4668-BE54-9A1E7A4F7556}") = "11_MetanitExample_107ез", "Generics\11_MetanitExample\11_MetanitExample_107ез.csproj", "{114557FB-F300-4E80-89AB-E11FFAF94C88}"
EndProject
Project("{9A19103F-16F7-4668-BE54-9A1E7A4F7556}") = "12_ActionPredicateFunc", "Generics\12_ActionPredicateFunc\12_ActionPredicateFunc.csproj", "{A3F811AD-2296-4251-8625-4D5AD2008292}"
EndProject
Project("{9A19103F-16F7-4668-BE54-9A1E7A4F7556}") = "13_Delegate.Release", "Generics\13_Delegate.Release\13_Delegate.Release.csproj", "{5E4BF233-5ACB-40A3-9329-FFBF7A4E7951}"
EndProject
Project("{9A19103F-16F7-4668-BE54-9A1E7A4F7556}") = "10_InterfaceCoContravariance", "Generics\10_InterfaceCoContravariance\10_InterfaceCoContravariance.csproj", "{CD4349D4-E373-4060-A810-CF43F4D11C19}"
EndProject
Project("{9A19103F-16F7-4668-BE54-9A1E7A4F7556}") = "01_Struct", "Structs\01_Struct\01_Struct.csproj", "{5DFD19BD-6DEF-46FA-9366-40B49FAF951D}"
EndProject
Project("{9A19103F-16F7-4668-BE54-9A1E7A4F7556}") = "02_Inheritance", "Structs\02_Inheritance\02_Inheritance.csproj", "{E58C5135-E1C7-4590-91C1-3242B9EA83BF}"
EndProject
Project("{9A19103F-16F7-4668-BE54-9A1E7A4F7556}") = "03_Nested", "Structs\03_Nested\03_Nested.csproj", "{263AE7C3-44D2-43BF-BA0D-4F815CDCB346}"
EndProject
Project("{9A19103F-16F7-4668-BE54-9A1E7A4F7556}") = "04_01_Boxing", "Structs\04_01_Boxing\04_01_Boxing.csproj", "{538BA249-8F07-4A97-916A-F02203FDFE2F}"
EndProject
Project("{9A19103F-16F7-4668-BE54-9A1E7A4F7556}") = "04_02_InterfaceBoxing", "Structs\04_02_InterfaceBoxing\04_02_InterfaceBoxing.csproj", "{26AF8085-8E12-4D77-8F06-5480F28F02BC}"
EndProject
Project("{9A19103F-16F7-4668-BE54-9A1E7A4F7556}") = "04_03_ValueTypeBoxing", "Structs\04_03_ValueTypeBoxing\04_03_ValueTypeBoxing.csproj", "{14C7E421-F6EB-4D5A-8ECD-4B7EC1AF794F}"
EndProject
Project("{9A19103F-16F7-4668-BE54-9A1E7A4F7556}") = "05_DateTime", "Structs\05_DateTime\05_DateTime.csproj", "{F9302BFD-B951-4BFF-B95F-B5F0A8811910}"
EndProject
Project("{9A19103F-16F7-4668-BE54-9A1E7A4F7556}") = "01_Enum", "Enums\01_Enum\01_Enum.csproj", "{52591FEE-8BAB-4DDC-A3E1-451C770F65E2}"
EndProject
Project("{9A19103F-16F7-4668-BE54-9A1E7A4F7556}") = "02_EnumParam", "Enums\02_EnumParam\02_EnumParam.csproj", "{FA5B6B80-8523-4ACA-9148-512DC97F9519}"
EndProject
Project("{9A19103F-16F7-4668-BE54-9A1E7A4F7556}") = "03_Default", "Enums\03_Default\03_Default.csproj", "{FAF468D0-5B7F-45B3-9D4B-8334B18FF490}"
EndProject
Project("{9A19103F-16F7-4668-BE54-9A1E7A4F7556}") = "04_OutputFomat", "Enums\04_OutputFomat\04_OutputFomat.csproj", "{D4F3EA73-7279-4CB2-A6BE-9166CF49B310}"
EndProject
Project("{9A19103F-16F7-4668-BE54-9A1E7A4F7556}") = "05_Search", "Enums\05_Search\05_Search.csproj", "{C4262705-CA4C-4039-BB2E-3595A4D52125}"
EndProject
Project("{9A19103F-16F7-4668-BE54-9A1E7A4F7556}") = "06_GetValues", "Enums\06_GetValues\06_GetValues.csproj", "{61ABAC89-4C49-455B-A840-917021D33A7F}"
EndProject
Project("{9A19103F-16F7-4668-BE54-9A1E7A4F7556}") = "07_Flags", "Enums\07_Flags\07_Flags.csproj", "{AF2D5F92-4F5F-43C7-96A3-FB65CFC2F587}"
EndProject
Project("{9A19103F-16F7-4668-BE54-9A1E7A4F7556}") = "02_AddRemove", "Events\02_AddRemove\02_AddRemove.csproj", "{9690C3FD-F9B5-4E3D-9158-5BBAF133E85A}"
EndProject
Project("{9A19103F-16F7-4668-BE54-9A1E7A4F7556}") = "03_OnKey", "Events\03_OnKey\03_OnKey.csproj", "{C7CA680A-FC28-4820-859D-C7E8D45DDDB7}"
EndProject
Project("{9A19103F-16F7-4668-BE54-9A1E7A4F7556}") = "04_Abstracts", "Events\04_Abstracts\04_Abstracts.csproj", "{44A48394-9FE1-4F35-8A0A-05B4EE1E3FCA}"
EndProject
Project("{9A19103F-16F7-4668-BE54-9A1E7A4F7556}") = "05_SimpleAbstracts", "Events\05_SimpleAbstracts\05_SimpleAbstracts.csproj", "{70BD9958-77BE-4B4A-A141-F16AEF45C27A}"
EndProject
Project("{2150E333-8FDC-42A3-9474-1A3956D46DE8}") = "DI", "DI", "{11BDAC29-B489-43B4-928F-D85622667E51}"
EndProject
Project("{9A19103F-16F7-4668-BE54-9A1E7A4F7556}") = "Di", "DI\Di\Di.csproj", "{EE4E83AA-74D5-449D-BC81-23AC026EA1E1}"
EndProject
Global
	GlobalSection(SolutionConfigurationPlatforms) = preSolution
		Debug|Any CPU = Debug|Any CPU
		Release|Any CPU = Release|Any CPU
	EndGlobalSection
	GlobalSection(ProjectConfigurationPlatforms) = postSolution
		{0E5A6E87-0221-4A96-AC52-790C948C1D0B}.Debug|Any CPU.ActiveCfg = Debug|Any CPU
		{0E5A6E87-0221-4A96-AC52-790C948C1D0B}.Debug|Any CPU.Build.0 = Debug|Any CPU
		{0E5A6E87-0221-4A96-AC52-790C948C1D0B}.Release|Any CPU.ActiveCfg = Release|Any CPU
		{0E5A6E87-0221-4A96-AC52-790C948C1D0B}.Release|Any CPU.Build.0 = Release|Any CPU
		{EE206EF1-2391-4923-AE9C-A292ED27063B}.Debug|Any CPU.ActiveCfg = Debug|Any CPU
		{EE206EF1-2391-4923-AE9C-A292ED27063B}.Debug|Any CPU.Build.0 = Debug|Any CPU
		{EE206EF1-2391-4923-AE9C-A292ED27063B}.Release|Any CPU.ActiveCfg = Release|Any CPU
		{EE206EF1-2391-4923-AE9C-A292ED27063B}.Release|Any CPU.Build.0 = Release|Any CPU
		{00158A5A-97CD-4835-92FB-E325EFA17758}.Debug|Any CPU.ActiveCfg = Debug|Any CPU
		{00158A5A-97CD-4835-92FB-E325EFA17758}.Debug|Any CPU.Build.0 = Debug|Any CPU
		{00158A5A-97CD-4835-92FB-E325EFA17758}.Release|Any CPU.ActiveCfg = Release|Any CPU
		{00158A5A-97CD-4835-92FB-E325EFA17758}.Release|Any CPU.Build.0 = Release|Any CPU
		{72C743B5-CCC9-4EC6-8F44-795DE671B07F}.Debug|Any CPU.ActiveCfg = Debug|Any CPU
		{72C743B5-CCC9-4EC6-8F44-795DE671B07F}.Debug|Any CPU.Build.0 = Debug|Any CPU
		{72C743B5-CCC9-4EC6-8F44-795DE671B07F}.Release|Any CPU.ActiveCfg = Release|Any CPU
		{72C743B5-CCC9-4EC6-8F44-795DE671B07F}.Release|Any CPU.Build.0 = Release|Any CPU
		{99E618B6-C7B2-4671-A379-3E8FC7BE285D}.Debug|Any CPU.ActiveCfg = Debug|Any CPU
		{99E618B6-C7B2-4671-A379-3E8FC7BE285D}.Debug|Any CPU.Build.0 = Debug|Any CPU
		{99E618B6-C7B2-4671-A379-3E8FC7BE285D}.Release|Any CPU.ActiveCfg = Release|Any CPU
		{99E618B6-C7B2-4671-A379-3E8FC7BE285D}.Release|Any CPU.Build.0 = Release|Any CPU
		{5513B326-926E-4251-BF0D-6C0BE7BA3F8B}.Debug|Any CPU.ActiveCfg = Debug|Any CPU
		{5513B326-926E-4251-BF0D-6C0BE7BA3F8B}.Debug|Any CPU.Build.0 = Debug|Any CPU
		{5513B326-926E-4251-BF0D-6C0BE7BA3F8B}.Release|Any CPU.ActiveCfg = Release|Any CPU
		{5513B326-926E-4251-BF0D-6C0BE7BA3F8B}.Release|Any CPU.Build.0 = Release|Any CPU
		{D69410D7-9A65-4467-AC50-CF255702E5D8}.Debug|Any CPU.ActiveCfg = Debug|Any CPU
		{D69410D7-9A65-4467-AC50-CF255702E5D8}.Debug|Any CPU.Build.0 = Debug|Any CPU
		{D69410D7-9A65-4467-AC50-CF255702E5D8}.Release|Any CPU.ActiveCfg = Release|Any CPU
		{D69410D7-9A65-4467-AC50-CF255702E5D8}.Release|Any CPU.Build.0 = Release|Any CPU
		{82A599E1-CA47-4FCD-B26E-73CA71E0B37E}.Debug|Any CPU.ActiveCfg = Debug|Any CPU
		{82A599E1-CA47-4FCD-B26E-73CA71E0B37E}.Debug|Any CPU.Build.0 = Debug|Any CPU
		{82A599E1-CA47-4FCD-B26E-73CA71E0B37E}.Release|Any CPU.ActiveCfg = Release|Any CPU
		{82A599E1-CA47-4FCD-B26E-73CA71E0B37E}.Release|Any CPU.Build.0 = Release|Any CPU
		{3967EC6A-2141-45BB-981F-082E36DA4FA1}.Debug|Any CPU.ActiveCfg = Debug|Any CPU
		{3967EC6A-2141-45BB-981F-082E36DA4FA1}.Debug|Any CPU.Build.0 = Debug|Any CPU
		{3967EC6A-2141-45BB-981F-082E36DA4FA1}.Release|Any CPU.ActiveCfg = Release|Any CPU
		{3967EC6A-2141-45BB-981F-082E36DA4FA1}.Release|Any CPU.Build.0 = Release|Any CPU
		{775AFA24-78A6-4DF5-940F-837BDA8DCF1F}.Debug|Any CPU.ActiveCfg = Debug|Any CPU
		{775AFA24-78A6-4DF5-940F-837BDA8DCF1F}.Debug|Any CPU.Build.0 = Debug|Any CPU
		{775AFA24-78A6-4DF5-940F-837BDA8DCF1F}.Release|Any CPU.ActiveCfg = Release|Any CPU
		{775AFA24-78A6-4DF5-940F-837BDA8DCF1F}.Release|Any CPU.Build.0 = Release|Any CPU
		{7F9E4EEA-880A-4D45-A719-B86B82B18340}.Debug|Any CPU.ActiveCfg = Debug|Any CPU
		{7F9E4EEA-880A-4D45-A719-B86B82B18340}.Debug|Any CPU.Build.0 = Debug|Any CPU
		{7F9E4EEA-880A-4D45-A719-B86B82B18340}.Release|Any CPU.ActiveCfg = Release|Any CPU
		{7F9E4EEA-880A-4D45-A719-B86B82B18340}.Release|Any CPU.Build.0 = Release|Any CPU
		{12CB5D02-2EAD-422D-BDB6-6C9A2086CED5}.Debug|Any CPU.ActiveCfg = Debug|Any CPU
		{12CB5D02-2EAD-422D-BDB6-6C9A2086CED5}.Debug|Any CPU.Build.0 = Debug|Any CPU
		{12CB5D02-2EAD-422D-BDB6-6C9A2086CED5}.Release|Any CPU.ActiveCfg = Release|Any CPU
		{12CB5D02-2EAD-422D-BDB6-6C9A2086CED5}.Release|Any CPU.Build.0 = Release|Any CPU
		{AA86A66F-9097-4A54-B389-C467D84B8348}.Debug|Any CPU.ActiveCfg = Debug|Any CPU
		{AA86A66F-9097-4A54-B389-C467D84B8348}.Debug|Any CPU.Build.0 = Debug|Any CPU
		{AA86A66F-9097-4A54-B389-C467D84B8348}.Release|Any CPU.ActiveCfg = Release|Any CPU
		{AA86A66F-9097-4A54-B389-C467D84B8348}.Release|Any CPU.Build.0 = Release|Any CPU
		{8E522541-0F0A-42DB-8F9B-94C4673ADAB1}.Debug|Any CPU.ActiveCfg = Debug|Any CPU
		{8E522541-0F0A-42DB-8F9B-94C4673ADAB1}.Debug|Any CPU.Build.0 = Debug|Any CPU
		{8E522541-0F0A-42DB-8F9B-94C4673ADAB1}.Release|Any CPU.ActiveCfg = Release|Any CPU
		{8E522541-0F0A-42DB-8F9B-94C4673ADAB1}.Release|Any CPU.Build.0 = Release|Any CPU
		{53EC431D-CB5C-4CD1-B313-30491BD9F62C}.Debug|Any CPU.ActiveCfg = Debug|Any CPU
		{53EC431D-CB5C-4CD1-B313-30491BD9F62C}.Debug|Any CPU.Build.0 = Debug|Any CPU
		{53EC431D-CB5C-4CD1-B313-30491BD9F62C}.Release|Any CPU.ActiveCfg = Release|Any CPU
		{53EC431D-CB5C-4CD1-B313-30491BD9F62C}.Release|Any CPU.Build.0 = Release|Any CPU
		{F0E9E583-DF89-4A22-87D0-D3F7759E9CFB}.Debug|Any CPU.ActiveCfg = Debug|Any CPU
		{F0E9E583-DF89-4A22-87D0-D3F7759E9CFB}.Debug|Any CPU.Build.0 = Debug|Any CPU
		{F0E9E583-DF89-4A22-87D0-D3F7759E9CFB}.Release|Any CPU.ActiveCfg = Release|Any CPU
		{F0E9E583-DF89-4A22-87D0-D3F7759E9CFB}.Release|Any CPU.Build.0 = Release|Any CPU
		{FFD11ED1-A9F0-4597-85E2-973BED8C8B82}.Debug|Any CPU.ActiveCfg = Debug|Any CPU
		{FFD11ED1-A9F0-4597-85E2-973BED8C8B82}.Debug|Any CPU.Build.0 = Debug|Any CPU
		{FFD11ED1-A9F0-4597-85E2-973BED8C8B82}.Release|Any CPU.ActiveCfg = Release|Any CPU
		{FFD11ED1-A9F0-4597-85E2-973BED8C8B82}.Release|Any CPU.Build.0 = Release|Any CPU
		{A293CC08-3168-4262-888A-EF79F8CEAAE5}.Debug|Any CPU.ActiveCfg = Debug|Any CPU
		{A293CC08-3168-4262-888A-EF79F8CEAAE5}.Debug|Any CPU.Build.0 = Debug|Any CPU
		{A293CC08-3168-4262-888A-EF79F8CEAAE5}.Release|Any CPU.ActiveCfg = Release|Any CPU
		{A293CC08-3168-4262-888A-EF79F8CEAAE5}.Release|Any CPU.Build.0 = Release|Any CPU
		{D9B16738-0F10-4599-A9F0-197A5DB6D252}.Debug|Any CPU.ActiveCfg = Debug|Any CPU
		{D9B16738-0F10-4599-A9F0-197A5DB6D252}.Debug|Any CPU.Build.0 = Debug|Any CPU
		{D9B16738-0F10-4599-A9F0-197A5DB6D252}.Release|Any CPU.ActiveCfg = Release|Any CPU
		{D9B16738-0F10-4599-A9F0-197A5DB6D252}.Release|Any CPU.Build.0 = Release|Any CPU
		{51F3455B-ECBD-42F5-9859-A41DC678E395}.Debug|Any CPU.ActiveCfg = Debug|Any CPU
		{51F3455B-ECBD-42F5-9859-A41DC678E395}.Debug|Any CPU.Build.0 = Debug|Any CPU
		{51F3455B-ECBD-42F5-9859-A41DC678E395}.Release|Any CPU.ActiveCfg = Release|Any CPU
		{51F3455B-ECBD-42F5-9859-A41DC678E395}.Release|Any CPU.Build.0 = Release|Any CPU
		{2648A937-01CA-48AB-AE2D-0D69EC36812E}.Debug|Any CPU.ActiveCfg = Debug|Any CPU
		{2648A937-01CA-48AB-AE2D-0D69EC36812E}.Debug|Any CPU.Build.0 = Debug|Any CPU
		{2648A937-01CA-48AB-AE2D-0D69EC36812E}.Release|Any CPU.ActiveCfg = Release|Any CPU
		{2648A937-01CA-48AB-AE2D-0D69EC36812E}.Release|Any CPU.Build.0 = Release|Any CPU
		{6616D54F-0914-4873-8699-900ABDC21130}.Debug|Any CPU.ActiveCfg = Debug|Any CPU
		{6616D54F-0914-4873-8699-900ABDC21130}.Debug|Any CPU.Build.0 = Debug|Any CPU
		{6616D54F-0914-4873-8699-900ABDC21130}.Release|Any CPU.ActiveCfg = Release|Any CPU
		{6616D54F-0914-4873-8699-900ABDC21130}.Release|Any CPU.Build.0 = Release|Any CPU
		{A5A46B85-991D-45EA-B712-476581FF781C}.Debug|Any CPU.ActiveCfg = Debug|Any CPU
		{A5A46B85-991D-45EA-B712-476581FF781C}.Debug|Any CPU.Build.0 = Debug|Any CPU
		{A5A46B85-991D-45EA-B712-476581FF781C}.Release|Any CPU.ActiveCfg = Release|Any CPU
		{A5A46B85-991D-45EA-B712-476581FF781C}.Release|Any CPU.Build.0 = Release|Any CPU
		{BE7186AE-CC38-48DA-9679-02848BA7AF95}.Debug|Any CPU.ActiveCfg = Debug|Any CPU
		{BE7186AE-CC38-48DA-9679-02848BA7AF95}.Debug|Any CPU.Build.0 = Debug|Any CPU
		{BE7186AE-CC38-48DA-9679-02848BA7AF95}.Release|Any CPU.ActiveCfg = Release|Any CPU
		{BE7186AE-CC38-48DA-9679-02848BA7AF95}.Release|Any CPU.Build.0 = Release|Any CPU
		{913247D0-6C8C-4FAC-AF67-D0A415BEE420}.Debug|Any CPU.ActiveCfg = Debug|Any CPU
		{913247D0-6C8C-4FAC-AF67-D0A415BEE420}.Debug|Any CPU.Build.0 = Debug|Any CPU
		{913247D0-6C8C-4FAC-AF67-D0A415BEE420}.Release|Any CPU.ActiveCfg = Release|Any CPU
		{913247D0-6C8C-4FAC-AF67-D0A415BEE420}.Release|Any CPU.Build.0 = Release|Any CPU
		{157444D4-5FE3-49B5-B835-67F28301C535}.Debug|Any CPU.ActiveCfg = Debug|Any CPU
		{157444D4-5FE3-49B5-B835-67F28301C535}.Debug|Any CPU.Build.0 = Debug|Any CPU
		{157444D4-5FE3-49B5-B835-67F28301C535}.Release|Any CPU.ActiveCfg = Release|Any CPU
		{157444D4-5FE3-49B5-B835-67F28301C535}.Release|Any CPU.Build.0 = Release|Any CPU
		{2FA79434-280C-4897-8D35-CB2892AF8B2B}.Debug|Any CPU.ActiveCfg = Debug|Any CPU
		{2FA79434-280C-4897-8D35-CB2892AF8B2B}.Debug|Any CPU.Build.0 = Debug|Any CPU
		{2FA79434-280C-4897-8D35-CB2892AF8B2B}.Release|Any CPU.ActiveCfg = Release|Any CPU
		{2FA79434-280C-4897-8D35-CB2892AF8B2B}.Release|Any CPU.Build.0 = Release|Any CPU
		{EF8A25D3-21A6-4092-99DB-311A0A227079}.Debug|Any CPU.ActiveCfg = Debug|Any CPU
		{EF8A25D3-21A6-4092-99DB-311A0A227079}.Debug|Any CPU.Build.0 = Debug|Any CPU
		{EF8A25D3-21A6-4092-99DB-311A0A227079}.Release|Any CPU.ActiveCfg = Release|Any CPU
		{EF8A25D3-21A6-4092-99DB-311A0A227079}.Release|Any CPU.Build.0 = Release|Any CPU
		{F9A32A0D-369E-4CF2-88F5-65F770ABF9D1}.Debug|Any CPU.ActiveCfg = Debug|Any CPU
		{F9A32A0D-369E-4CF2-88F5-65F770ABF9D1}.Debug|Any CPU.Build.0 = Debug|Any CPU
		{F9A32A0D-369E-4CF2-88F5-65F770ABF9D1}.Release|Any CPU.ActiveCfg = Release|Any CPU
		{F9A32A0D-369E-4CF2-88F5-65F770ABF9D1}.Release|Any CPU.Build.0 = Release|Any CPU
		{5E5FFA57-C00C-48F2-8633-EDCD750AC787}.Debug|Any CPU.ActiveCfg = Debug|Any CPU
		{5E5FFA57-C00C-48F2-8633-EDCD750AC787}.Debug|Any CPU.Build.0 = Debug|Any CPU
		{5E5FFA57-C00C-48F2-8633-EDCD750AC787}.Release|Any CPU.ActiveCfg = Release|Any CPU
		{5E5FFA57-C00C-48F2-8633-EDCD750AC787}.Release|Any CPU.Build.0 = Release|Any CPU
		{3CBA92CF-8154-44D9-88DF-86C478FABA83}.Debug|Any CPU.ActiveCfg = Debug|Any CPU
		{3CBA92CF-8154-44D9-88DF-86C478FABA83}.Debug|Any CPU.Build.0 = Debug|Any CPU
		{3CBA92CF-8154-44D9-88DF-86C478FABA83}.Release|Any CPU.ActiveCfg = Release|Any CPU
		{3CBA92CF-8154-44D9-88DF-86C478FABA83}.Release|Any CPU.Build.0 = Release|Any CPU
		{620A8B19-36C0-4B01-9A12-8748373706D4}.Debug|Any CPU.ActiveCfg = Debug|Any CPU
		{620A8B19-36C0-4B01-9A12-8748373706D4}.Debug|Any CPU.Build.0 = Debug|Any CPU
		{620A8B19-36C0-4B01-9A12-8748373706D4}.Release|Any CPU.ActiveCfg = Release|Any CPU
		{620A8B19-36C0-4B01-9A12-8748373706D4}.Release|Any CPU.Build.0 = Release|Any CPU
		{976B7BAE-EDB1-4873-8341-9064BF96CAD7}.Debug|Any CPU.ActiveCfg = Debug|Any CPU
		{976B7BAE-EDB1-4873-8341-9064BF96CAD7}.Debug|Any CPU.Build.0 = Debug|Any CPU
		{976B7BAE-EDB1-4873-8341-9064BF96CAD7}.Release|Any CPU.ActiveCfg = Release|Any CPU
		{976B7BAE-EDB1-4873-8341-9064BF96CAD7}.Release|Any CPU.Build.0 = Release|Any CPU
		{EAB46831-907C-496B-890F-2A0D339F8095}.Debug|Any CPU.ActiveCfg = Debug|Any CPU
		{EAB46831-907C-496B-890F-2A0D339F8095}.Debug|Any CPU.Build.0 = Debug|Any CPU
		{EAB46831-907C-496B-890F-2A0D339F8095}.Release|Any CPU.ActiveCfg = Release|Any CPU
		{EAB46831-907C-496B-890F-2A0D339F8095}.Release|Any CPU.Build.0 = Release|Any CPU
		{94AE2BF8-5553-43EC-898C-FA5113F827DE}.Debug|Any CPU.ActiveCfg = Debug|Any CPU
		{94AE2BF8-5553-43EC-898C-FA5113F827DE}.Debug|Any CPU.Build.0 = Debug|Any CPU
		{94AE2BF8-5553-43EC-898C-FA5113F827DE}.Release|Any CPU.ActiveCfg = Release|Any CPU
		{94AE2BF8-5553-43EC-898C-FA5113F827DE}.Release|Any CPU.Build.0 = Release|Any CPU
		{A620729C-4E14-4A06-BFDD-660D23AF3C57}.Debug|Any CPU.ActiveCfg = Debug|Any CPU
		{A620729C-4E14-4A06-BFDD-660D23AF3C57}.Debug|Any CPU.Build.0 = Debug|Any CPU
		{A620729C-4E14-4A06-BFDD-660D23AF3C57}.Release|Any CPU.ActiveCfg = Release|Any CPU
		{A620729C-4E14-4A06-BFDD-660D23AF3C57}.Release|Any CPU.Build.0 = Release|Any CPU
		{D9333660-7407-4594-9242-77AB0D1AF698}.Debug|Any CPU.ActiveCfg = Debug|Any CPU
		{D9333660-7407-4594-9242-77AB0D1AF698}.Debug|Any CPU.Build.0 = Debug|Any CPU
		{D9333660-7407-4594-9242-77AB0D1AF698}.Release|Any CPU.ActiveCfg = Release|Any CPU
		{D9333660-7407-4594-9242-77AB0D1AF698}.Release|Any CPU.Build.0 = Release|Any CPU
		{EDF94479-5574-4B9A-B067-39085423AD1F}.Debug|Any CPU.ActiveCfg = Debug|Any CPU
		{EDF94479-5574-4B9A-B067-39085423AD1F}.Debug|Any CPU.Build.0 = Debug|Any CPU
		{EDF94479-5574-4B9A-B067-39085423AD1F}.Release|Any CPU.ActiveCfg = Release|Any CPU
		{EDF94479-5574-4B9A-B067-39085423AD1F}.Release|Any CPU.Build.0 = Release|Any CPU
		{0F48DDAD-81AC-440E-BD15-8F53E83DAE84}.Debug|Any CPU.ActiveCfg = Debug|Any CPU
		{0F48DDAD-81AC-440E-BD15-8F53E83DAE84}.Debug|Any CPU.Build.0 = Debug|Any CPU
		{0F48DDAD-81AC-440E-BD15-8F53E83DAE84}.Release|Any CPU.ActiveCfg = Release|Any CPU
		{0F48DDAD-81AC-440E-BD15-8F53E83DAE84}.Release|Any CPU.Build.0 = Release|Any CPU
		{AD39F448-78EF-4D43-BC10-2977E3288DB5}.Debug|Any CPU.ActiveCfg = Debug|Any CPU
		{AD39F448-78EF-4D43-BC10-2977E3288DB5}.Debug|Any CPU.Build.0 = Debug|Any CPU
		{AD39F448-78EF-4D43-BC10-2977E3288DB5}.Release|Any CPU.ActiveCfg = Release|Any CPU
		{AD39F448-78EF-4D43-BC10-2977E3288DB5}.Release|Any CPU.Build.0 = Release|Any CPU
		{0BE27B7A-1A41-4448-B6EF-F60E6462B969}.Debug|Any CPU.ActiveCfg = Debug|Any CPU
		{0BE27B7A-1A41-4448-B6EF-F60E6462B969}.Debug|Any CPU.Build.0 = Debug|Any CPU
		{0BE27B7A-1A41-4448-B6EF-F60E6462B969}.Release|Any CPU.ActiveCfg = Release|Any CPU
		{0BE27B7A-1A41-4448-B6EF-F60E6462B969}.Release|Any CPU.Build.0 = Release|Any CPU
		{E91B83EB-5A52-4B98-BA50-77D12D75F56B}.Debug|Any CPU.ActiveCfg = Debug|Any CPU
		{E91B83EB-5A52-4B98-BA50-77D12D75F56B}.Debug|Any CPU.Build.0 = Debug|Any CPU
		{E91B83EB-5A52-4B98-BA50-77D12D75F56B}.Release|Any CPU.ActiveCfg = Release|Any CPU
		{E91B83EB-5A52-4B98-BA50-77D12D75F56B}.Release|Any CPU.Build.0 = Release|Any CPU
		{0BF8AB47-BB46-40D2-B05B-105713D51573}.Debug|Any CPU.ActiveCfg = Debug|Any CPU
		{0BF8AB47-BB46-40D2-B05B-105713D51573}.Debug|Any CPU.Build.0 = Debug|Any CPU
		{0BF8AB47-BB46-40D2-B05B-105713D51573}.Release|Any CPU.ActiveCfg = Release|Any CPU
		{0BF8AB47-BB46-40D2-B05B-105713D51573}.Release|Any CPU.Build.0 = Release|Any CPU
		{265D3B49-87AB-4715-8255-E79B2F238997}.Debug|Any CPU.ActiveCfg = Debug|Any CPU
		{265D3B49-87AB-4715-8255-E79B2F238997}.Debug|Any CPU.Build.0 = Debug|Any CPU
		{265D3B49-87AB-4715-8255-E79B2F238997}.Release|Any CPU.ActiveCfg = Release|Any CPU
		{265D3B49-87AB-4715-8255-E79B2F238997}.Release|Any CPU.Build.0 = Release|Any CPU
		{873DF498-59DC-4654-9FBE-73460DE704AC}.Debug|Any CPU.ActiveCfg = Debug|Any CPU
		{873DF498-59DC-4654-9FBE-73460DE704AC}.Debug|Any CPU.Build.0 = Debug|Any CPU
		{873DF498-59DC-4654-9FBE-73460DE704AC}.Release|Any CPU.ActiveCfg = Release|Any CPU
		{873DF498-59DC-4654-9FBE-73460DE704AC}.Release|Any CPU.Build.0 = Release|Any CPU
		{206FCCE2-8F6D-440E-A09B-5B5F9E6D5D47}.Debug|Any CPU.ActiveCfg = Debug|Any CPU
		{206FCCE2-8F6D-440E-A09B-5B5F9E6D5D47}.Debug|Any CPU.Build.0 = Debug|Any CPU
		{206FCCE2-8F6D-440E-A09B-5B5F9E6D5D47}.Release|Any CPU.ActiveCfg = Release|Any CPU
		{206FCCE2-8F6D-440E-A09B-5B5F9E6D5D47}.Release|Any CPU.Build.0 = Release|Any CPU
		{F866AB7D-2606-4D56-9A19-D5E309F3A8E3}.Debug|Any CPU.ActiveCfg = Debug|Any CPU
		{F866AB7D-2606-4D56-9A19-D5E309F3A8E3}.Debug|Any CPU.Build.0 = Debug|Any CPU
		{F866AB7D-2606-4D56-9A19-D5E309F3A8E3}.Release|Any CPU.ActiveCfg = Release|Any CPU
		{F866AB7D-2606-4D56-9A19-D5E309F3A8E3}.Release|Any CPU.Build.0 = Release|Any CPU
		{BFFA49A6-570E-46E8-82FF-1323C5197DFF}.Debug|Any CPU.ActiveCfg = Debug|Any CPU
		{BFFA49A6-570E-46E8-82FF-1323C5197DFF}.Debug|Any CPU.Build.0 = Debug|Any CPU
		{BFFA49A6-570E-46E8-82FF-1323C5197DFF}.Release|Any CPU.ActiveCfg = Release|Any CPU
		{BFFA49A6-570E-46E8-82FF-1323C5197DFF}.Release|Any CPU.Build.0 = Release|Any CPU
		{EA3C8BA1-87C2-46FC-8313-403919686EF5}.Debug|Any CPU.ActiveCfg = Debug|Any CPU
		{EA3C8BA1-87C2-46FC-8313-403919686EF5}.Debug|Any CPU.Build.0 = Debug|Any CPU
		{EA3C8BA1-87C2-46FC-8313-403919686EF5}.Release|Any CPU.ActiveCfg = Release|Any CPU
		{EA3C8BA1-87C2-46FC-8313-403919686EF5}.Release|Any CPU.Build.0 = Release|Any CPU
		{DE41FA11-65F5-47DA-81DA-04A35A059F3F}.Debug|Any CPU.ActiveCfg = Debug|Any CPU
		{DE41FA11-65F5-47DA-81DA-04A35A059F3F}.Debug|Any CPU.Build.0 = Debug|Any CPU
		{DE41FA11-65F5-47DA-81DA-04A35A059F3F}.Release|Any CPU.ActiveCfg = Release|Any CPU
		{DE41FA11-65F5-47DA-81DA-04A35A059F3F}.Release|Any CPU.Build.0 = Release|Any CPU
		{FF881DAD-E38D-4E15-A959-2458DEACAC5B}.Debug|Any CPU.ActiveCfg = Debug|Any CPU
		{FF881DAD-E38D-4E15-A959-2458DEACAC5B}.Debug|Any CPU.Build.0 = Debug|Any CPU
		{FF881DAD-E38D-4E15-A959-2458DEACAC5B}.Release|Any CPU.ActiveCfg = Release|Any CPU
		{FF881DAD-E38D-4E15-A959-2458DEACAC5B}.Release|Any CPU.Build.0 = Release|Any CPU
		{F7738CF9-457A-4AE2-BC2E-2303DC52EBBB}.Debug|Any CPU.ActiveCfg = Debug|Any CPU
		{F7738CF9-457A-4AE2-BC2E-2303DC52EBBB}.Debug|Any CPU.Build.0 = Debug|Any CPU
		{F7738CF9-457A-4AE2-BC2E-2303DC52EBBB}.Release|Any CPU.ActiveCfg = Release|Any CPU
		{F7738CF9-457A-4AE2-BC2E-2303DC52EBBB}.Release|Any CPU.Build.0 = Release|Any CPU
		{48BB83D1-6019-4DBE-BC10-59303810EB46}.Debug|Any CPU.ActiveCfg = Debug|Any CPU
		{48BB83D1-6019-4DBE-BC10-59303810EB46}.Debug|Any CPU.Build.0 = Debug|Any CPU
		{48BB83D1-6019-4DBE-BC10-59303810EB46}.Release|Any CPU.ActiveCfg = Release|Any CPU
		{48BB83D1-6019-4DBE-BC10-59303810EB46}.Release|Any CPU.Build.0 = Release|Any CPU
		{A02D7F58-7DE2-447F-88C5-C747A8E2911A}.Debug|Any CPU.ActiveCfg = Debug|Any CPU
		{A02D7F58-7DE2-447F-88C5-C747A8E2911A}.Debug|Any CPU.Build.0 = Debug|Any CPU
		{A02D7F58-7DE2-447F-88C5-C747A8E2911A}.Release|Any CPU.ActiveCfg = Release|Any CPU
		{A02D7F58-7DE2-447F-88C5-C747A8E2911A}.Release|Any CPU.Build.0 = Release|Any CPU
		{F1BE1369-4FFA-4C9B-BA4C-A990A09CD813}.Debug|Any CPU.ActiveCfg = Debug|Any CPU
		{F1BE1369-4FFA-4C9B-BA4C-A990A09CD813}.Debug|Any CPU.Build.0 = Debug|Any CPU
		{F1BE1369-4FFA-4C9B-BA4C-A990A09CD813}.Release|Any CPU.ActiveCfg = Release|Any CPU
		{F1BE1369-4FFA-4C9B-BA4C-A990A09CD813}.Release|Any CPU.Build.0 = Release|Any CPU
		{685B0F90-7AF4-416D-B4D2-FA6EA39B56A9}.Debug|Any CPU.ActiveCfg = Debug|Any CPU
		{685B0F90-7AF4-416D-B4D2-FA6EA39B56A9}.Debug|Any CPU.Build.0 = Debug|Any CPU
		{685B0F90-7AF4-416D-B4D2-FA6EA39B56A9}.Release|Any CPU.ActiveCfg = Release|Any CPU
		{685B0F90-7AF4-416D-B4D2-FA6EA39B56A9}.Release|Any CPU.Build.0 = Release|Any CPU
		{F20F4180-E9A5-4472-A551-F5FA5E9758B8}.Debug|Any CPU.ActiveCfg = Debug|Any CPU
		{F20F4180-E9A5-4472-A551-F5FA5E9758B8}.Debug|Any CPU.Build.0 = Debug|Any CPU
		{F20F4180-E9A5-4472-A551-F5FA5E9758B8}.Release|Any CPU.ActiveCfg = Release|Any CPU
		{F20F4180-E9A5-4472-A551-F5FA5E9758B8}.Release|Any CPU.Build.0 = Release|Any CPU
		{C5954DA4-29F7-44E0-9541-C7B7BE484684}.Debug|Any CPU.ActiveCfg = Debug|Any CPU
		{C5954DA4-29F7-44E0-9541-C7B7BE484684}.Debug|Any CPU.Build.0 = Debug|Any CPU
		{C5954DA4-29F7-44E0-9541-C7B7BE484684}.Release|Any CPU.ActiveCfg = Release|Any CPU
		{C5954DA4-29F7-44E0-9541-C7B7BE484684}.Release|Any CPU.Build.0 = Release|Any CPU
		{2E919661-EEEC-40D9-AB57-5ABE0E1A3CDB}.Debug|Any CPU.ActiveCfg = Debug|Any CPU
		{2E919661-EEEC-40D9-AB57-5ABE0E1A3CDB}.Debug|Any CPU.Build.0 = Debug|Any CPU
		{2E919661-EEEC-40D9-AB57-5ABE0E1A3CDB}.Release|Any CPU.ActiveCfg = Release|Any CPU
		{2E919661-EEEC-40D9-AB57-5ABE0E1A3CDB}.Release|Any CPU.Build.0 = Release|Any CPU
		{E6621237-AAD1-4731-A24B-8E9EB70DF55E}.Debug|Any CPU.ActiveCfg = Debug|Any CPU
		{E6621237-AAD1-4731-A24B-8E9EB70DF55E}.Debug|Any CPU.Build.0 = Debug|Any CPU
		{E6621237-AAD1-4731-A24B-8E9EB70DF55E}.Release|Any CPU.ActiveCfg = Release|Any CPU
		{E6621237-AAD1-4731-A24B-8E9EB70DF55E}.Release|Any CPU.Build.0 = Release|Any CPU
		{1A304AFC-898F-4F4B-9443-B5279097571C}.Debug|Any CPU.ActiveCfg = Debug|Any CPU
		{1A304AFC-898F-4F4B-9443-B5279097571C}.Debug|Any CPU.Build.0 = Debug|Any CPU
		{1A304AFC-898F-4F4B-9443-B5279097571C}.Release|Any CPU.ActiveCfg = Release|Any CPU
		{1A304AFC-898F-4F4B-9443-B5279097571C}.Release|Any CPU.Build.0 = Release|Any CPU
		{2B2C2073-6204-41E9-B2E9-FB6C367834BD}.Debug|Any CPU.ActiveCfg = Debug|Any CPU
		{2B2C2073-6204-41E9-B2E9-FB6C367834BD}.Debug|Any CPU.Build.0 = Debug|Any CPU
		{2B2C2073-6204-41E9-B2E9-FB6C367834BD}.Release|Any CPU.ActiveCfg = Release|Any CPU
		{2B2C2073-6204-41E9-B2E9-FB6C367834BD}.Release|Any CPU.Build.0 = Release|Any CPU
		{8811BB06-415B-4752-8F7E-A2EDA6A21CA6}.Debug|Any CPU.ActiveCfg = Debug|Any CPU
		{8811BB06-415B-4752-8F7E-A2EDA6A21CA6}.Debug|Any CPU.Build.0 = Debug|Any CPU
		{8811BB06-415B-4752-8F7E-A2EDA6A21CA6}.Release|Any CPU.ActiveCfg = Release|Any CPU
		{8811BB06-415B-4752-8F7E-A2EDA6A21CA6}.Release|Any CPU.Build.0 = Release|Any CPU
		{114557FB-F300-4E80-89AB-E11FFAF94C88}.Debug|Any CPU.ActiveCfg = Debug|Any CPU
		{114557FB-F300-4E80-89AB-E11FFAF94C88}.Debug|Any CPU.Build.0 = Debug|Any CPU
		{114557FB-F300-4E80-89AB-E11FFAF94C88}.Release|Any CPU.ActiveCfg = Release|Any CPU
		{114557FB-F300-4E80-89AB-E11FFAF94C88}.Release|Any CPU.Build.0 = Release|Any CPU
		{A3F811AD-2296-4251-8625-4D5AD2008292}.Debug|Any CPU.ActiveCfg = Debug|Any CPU
		{A3F811AD-2296-4251-8625-4D5AD2008292}.Debug|Any CPU.Build.0 = Debug|Any CPU
		{A3F811AD-2296-4251-8625-4D5AD2008292}.Release|Any CPU.ActiveCfg = Release|Any CPU
		{A3F811AD-2296-4251-8625-4D5AD2008292}.Release|Any CPU.Build.0 = Release|Any CPU
		{5E4BF233-5ACB-40A3-9329-FFBF7A4E7951}.Debug|Any CPU.ActiveCfg = Debug|Any CPU
		{5E4BF233-5ACB-40A3-9329-FFBF7A4E7951}.Debug|Any CPU.Build.0 = Debug|Any CPU
		{5E4BF233-5ACB-40A3-9329-FFBF7A4E7951}.Release|Any CPU.ActiveCfg = Release|Any CPU
		{5E4BF233-5ACB-40A3-9329-FFBF7A4E7951}.Release|Any CPU.Build.0 = Release|Any CPU
		{CD4349D4-E373-4060-A810-CF43F4D11C19}.Debug|Any CPU.ActiveCfg = Debug|Any CPU
		{CD4349D4-E373-4060-A810-CF43F4D11C19}.Debug|Any CPU.Build.0 = Debug|Any CPU
		{CD4349D4-E373-4060-A810-CF43F4D11C19}.Release|Any CPU.ActiveCfg = Release|Any CPU
		{CD4349D4-E373-4060-A810-CF43F4D11C19}.Release|Any CPU.Build.0 = Release|Any CPU
		{5DFD19BD-6DEF-46FA-9366-40B49FAF951D}.Debug|Any CPU.ActiveCfg = Debug|Any CPU
		{5DFD19BD-6DEF-46FA-9366-40B49FAF951D}.Debug|Any CPU.Build.0 = Debug|Any CPU
		{5DFD19BD-6DEF-46FA-9366-40B49FAF951D}.Release|Any CPU.ActiveCfg = Release|Any CPU
		{5DFD19BD-6DEF-46FA-9366-40B49FAF951D}.Release|Any CPU.Build.0 = Release|Any CPU
		{E58C5135-E1C7-4590-91C1-3242B9EA83BF}.Debug|Any CPU.ActiveCfg = Debug|Any CPU
		{E58C5135-E1C7-4590-91C1-3242B9EA83BF}.Debug|Any CPU.Build.0 = Debug|Any CPU
		{E58C5135-E1C7-4590-91C1-3242B9EA83BF}.Release|Any CPU.ActiveCfg = Release|Any CPU
		{E58C5135-E1C7-4590-91C1-3242B9EA83BF}.Release|Any CPU.Build.0 = Release|Any CPU
		{263AE7C3-44D2-43BF-BA0D-4F815CDCB346}.Debug|Any CPU.ActiveCfg = Debug|Any CPU
		{263AE7C3-44D2-43BF-BA0D-4F815CDCB346}.Debug|Any CPU.Build.0 = Debug|Any CPU
		{263AE7C3-44D2-43BF-BA0D-4F815CDCB346}.Release|Any CPU.ActiveCfg = Release|Any CPU
		{263AE7C3-44D2-43BF-BA0D-4F815CDCB346}.Release|Any CPU.Build.0 = Release|Any CPU
		{538BA249-8F07-4A97-916A-F02203FDFE2F}.Debug|Any CPU.ActiveCfg = Debug|Any CPU
		{538BA249-8F07-4A97-916A-F02203FDFE2F}.Debug|Any CPU.Build.0 = Debug|Any CPU
		{538BA249-8F07-4A97-916A-F02203FDFE2F}.Release|Any CPU.ActiveCfg = Release|Any CPU
		{538BA249-8F07-4A97-916A-F02203FDFE2F}.Release|Any CPU.Build.0 = Release|Any CPU
		{26AF8085-8E12-4D77-8F06-5480F28F02BC}.Debug|Any CPU.ActiveCfg = Debug|Any CPU
		{26AF8085-8E12-4D77-8F06-5480F28F02BC}.Debug|Any CPU.Build.0 = Debug|Any CPU
		{26AF8085-8E12-4D77-8F06-5480F28F02BC}.Release|Any CPU.ActiveCfg = Release|Any CPU
		{26AF8085-8E12-4D77-8F06-5480F28F02BC}.Release|Any CPU.Build.0 = Release|Any CPU
		{14C7E421-F6EB-4D5A-8ECD-4B7EC1AF794F}.Debug|Any CPU.ActiveCfg = Debug|Any CPU
		{14C7E421-F6EB-4D5A-8ECD-4B7EC1AF794F}.Debug|Any CPU.Build.0 = Debug|Any CPU
		{14C7E421-F6EB-4D5A-8ECD-4B7EC1AF794F}.Release|Any CPU.ActiveCfg = Release|Any CPU
		{14C7E421-F6EB-4D5A-8ECD-4B7EC1AF794F}.Release|Any CPU.Build.0 = Release|Any CPU
		{F9302BFD-B951-4BFF-B95F-B5F0A8811910}.Debug|Any CPU.ActiveCfg = Debug|Any CPU
		{F9302BFD-B951-4BFF-B95F-B5F0A8811910}.Debug|Any CPU.Build.0 = Debug|Any CPU
		{F9302BFD-B951-4BFF-B95F-B5F0A8811910}.Release|Any CPU.ActiveCfg = Release|Any CPU
		{F9302BFD-B951-4BFF-B95F-B5F0A8811910}.Release|Any CPU.Build.0 = Release|Any CPU
		{52591FEE-8BAB-4DDC-A3E1-451C770F65E2}.Debug|Any CPU.ActiveCfg = Debug|Any CPU
		{52591FEE-8BAB-4DDC-A3E1-451C770F65E2}.Debug|Any CPU.Build.0 = Debug|Any CPU
		{52591FEE-8BAB-4DDC-A3E1-451C770F65E2}.Release|Any CPU.ActiveCfg = Release|Any CPU
		{52591FEE-8BAB-4DDC-A3E1-451C770F65E2}.Release|Any CPU.Build.0 = Release|Any CPU
		{FA5B6B80-8523-4ACA-9148-512DC97F9519}.Debug|Any CPU.ActiveCfg = Debug|Any CPU
		{FA5B6B80-8523-4ACA-9148-512DC97F9519}.Debug|Any CPU.Build.0 = Debug|Any CPU
		{FA5B6B80-8523-4ACA-9148-512DC97F9519}.Release|Any CPU.ActiveCfg = Release|Any CPU
		{FA5B6B80-8523-4ACA-9148-512DC97F9519}.Release|Any CPU.Build.0 = Release|Any CPU
		{FAF468D0-5B7F-45B3-9D4B-8334B18FF490}.Debug|Any CPU.ActiveCfg = Debug|Any CPU
		{FAF468D0-5B7F-45B3-9D4B-8334B18FF490}.Debug|Any CPU.Build.0 = Debug|Any CPU
		{FAF468D0-5B7F-45B3-9D4B-8334B18FF490}.Release|Any CPU.ActiveCfg = Release|Any CPU
		{FAF468D0-5B7F-45B3-9D4B-8334B18FF490}.Release|Any CPU.Build.0 = Release|Any CPU
		{D4F3EA73-7279-4CB2-A6BE-9166CF49B310}.Debug|Any CPU.ActiveCfg = Debug|Any CPU
		{D4F3EA73-7279-4CB2-A6BE-9166CF49B310}.Debug|Any CPU.Build.0 = Debug|Any CPU
		{D4F3EA73-7279-4CB2-A6BE-9166CF49B310}.Release|Any CPU.ActiveCfg = Release|Any CPU
		{D4F3EA73-7279-4CB2-A6BE-9166CF49B310}.Release|Any CPU.Build.0 = Release|Any CPU
		{C4262705-CA4C-4039-BB2E-3595A4D52125}.Debug|Any CPU.ActiveCfg = Debug|Any CPU
		{C4262705-CA4C-4039-BB2E-3595A4D52125}.Debug|Any CPU.Build.0 = Debug|Any CPU
		{C4262705-CA4C-4039-BB2E-3595A4D52125}.Release|Any CPU.ActiveCfg = Release|Any CPU
		{C4262705-CA4C-4039-BB2E-3595A4D52125}.Release|Any CPU.Build.0 = Release|Any CPU
		{61ABAC89-4C49-455B-A840-917021D33A7F}.Debug|Any CPU.ActiveCfg = Debug|Any CPU
		{61ABAC89-4C49-455B-A840-917021D33A7F}.Debug|Any CPU.Build.0 = Debug|Any CPU
		{61ABAC89-4C49-455B-A840-917021D33A7F}.Release|Any CPU.ActiveCfg = Release|Any CPU
		{61ABAC89-4C49-455B-A840-917021D33A7F}.Release|Any CPU.Build.0 = Release|Any CPU
		{AF2D5F92-4F5F-43C7-96A3-FB65CFC2F587}.Debug|Any CPU.ActiveCfg = Debug|Any CPU
		{AF2D5F92-4F5F-43C7-96A3-FB65CFC2F587}.Debug|Any CPU.Build.0 = Debug|Any CPU
		{AF2D5F92-4F5F-43C7-96A3-FB65CFC2F587}.Release|Any CPU.ActiveCfg = Release|Any CPU
		{AF2D5F92-4F5F-43C7-96A3-FB65CFC2F587}.Release|Any CPU.Build.0 = Release|Any CPU
		{9690C3FD-F9B5-4E3D-9158-5BBAF133E85A}.Debug|Any CPU.ActiveCfg = Debug|Any CPU
		{9690C3FD-F9B5-4E3D-9158-5BBAF133E85A}.Debug|Any CPU.Build.0 = Debug|Any CPU
		{9690C3FD-F9B5-4E3D-9158-5BBAF133E85A}.Release|Any CPU.ActiveCfg = Release|Any CPU
		{9690C3FD-F9B5-4E3D-9158-5BBAF133E85A}.Release|Any CPU.Build.0 = Release|Any CPU
		{C7CA680A-FC28-4820-859D-C7E8D45DDDB7}.Debug|Any CPU.ActiveCfg = Debug|Any CPU
		{C7CA680A-FC28-4820-859D-C7E8D45DDDB7}.Debug|Any CPU.Build.0 = Debug|Any CPU
		{C7CA680A-FC28-4820-859D-C7E8D45DDDB7}.Release|Any CPU.ActiveCfg = Release|Any CPU
		{C7CA680A-FC28-4820-859D-C7E8D45DDDB7}.Release|Any CPU.Build.0 = Release|Any CPU
		{44A48394-9FE1-4F35-8A0A-05B4EE1E3FCA}.Debug|Any CPU.ActiveCfg = Debug|Any CPU
		{44A48394-9FE1-4F35-8A0A-05B4EE1E3FCA}.Debug|Any CPU.Build.0 = Debug|Any CPU
		{44A48394-9FE1-4F35-8A0A-05B4EE1E3FCA}.Release|Any CPU.ActiveCfg = Release|Any CPU
		{44A48394-9FE1-4F35-8A0A-05B4EE1E3FCA}.Release|Any CPU.Build.0 = Release|Any CPU
		{70BD9958-77BE-4B4A-A141-F16AEF45C27A}.Debug|Any CPU.ActiveCfg = Debug|Any CPU
		{70BD9958-77BE-4B4A-A141-F16AEF45C27A}.Debug|Any CPU.Build.0 = Debug|Any CPU
		{70BD9958-77BE-4B4A-A141-F16AEF45C27A}.Release|Any CPU.ActiveCfg = Release|Any CPU
		{70BD9958-77BE-4B4A-A141-F16AEF45C27A}.Release|Any CPU.Build.0 = Release|Any CPU
		{EE4E83AA-74D5-449D-BC81-23AC026EA1E1}.Debug|Any CPU.ActiveCfg = Debug|Any CPU
		{EE4E83AA-74D5-449D-BC81-23AC026EA1E1}.Debug|Any CPU.Build.0 = Debug|Any CPU
		{EE4E83AA-74D5-449D-BC81-23AC026EA1E1}.Release|Any CPU.ActiveCfg = Release|Any CPU
		{EE4E83AA-74D5-449D-BC81-23AC026EA1E1}.Release|Any CPU.Build.0 = Release|Any CPU
	EndGlobalSection
	GlobalSection(SolutionProperties) = preSolution
		HideSolutionNode = FALSE
	EndGlobalSection
	GlobalSection(NestedProjects) = preSolution
		{0E5A6E87-0221-4A96-AC52-790C948C1D0B} = {BF03F626-7AEA-478F-A35D-31EB5AE41C22}
		{EE206EF1-2391-4923-AE9C-A292ED27063B} = {BF03F626-7AEA-478F-A35D-31EB5AE41C22}
		{00158A5A-97CD-4835-92FB-E325EFA17758} = {BF03F626-7AEA-478F-A35D-31EB5AE41C22}
		{72C743B5-CCC9-4EC6-8F44-795DE671B07F} = {BF03F626-7AEA-478F-A35D-31EB5AE41C22}
		{99E618B6-C7B2-4671-A379-3E8FC7BE285D} = {BF03F626-7AEA-478F-A35D-31EB5AE41C22}
		{5513B326-926E-4251-BF0D-6C0BE7BA3F8B} = {BF03F626-7AEA-478F-A35D-31EB5AE41C22}
		{D69410D7-9A65-4467-AC50-CF255702E5D8} = {BF03F626-7AEA-478F-A35D-31EB5AE41C22}
		{82A599E1-CA47-4FCD-B26E-73CA71E0B37E} = {BF03F626-7AEA-478F-A35D-31EB5AE41C22}
		{3967EC6A-2141-45BB-981F-082E36DA4FA1} = {BF03F626-7AEA-478F-A35D-31EB5AE41C22}
		{775AFA24-78A6-4DF5-940F-837BDA8DCF1F} = {BF03F626-7AEA-478F-A35D-31EB5AE41C22}
		{7F9E4EEA-880A-4D45-A719-B86B82B18340} = {1FCAF553-DE09-438A-A666-39A16B468849}
		{12CB5D02-2EAD-422D-BDB6-6C9A2086CED5} = {1FCAF553-DE09-438A-A666-39A16B468849}
		{AA86A66F-9097-4A54-B389-C467D84B8348} = {1FCAF553-DE09-438A-A666-39A16B468849}
		{8E522541-0F0A-42DB-8F9B-94C4673ADAB1} = {BF03F626-7AEA-478F-A35D-31EB5AE41C22}
		{53EC431D-CB5C-4CD1-B313-30491BD9F62C} = {BF03F626-7AEA-478F-A35D-31EB5AE41C22}
		{F0E9E583-DF89-4A22-87D0-D3F7759E9CFB} = {BF03F626-7AEA-478F-A35D-31EB5AE41C22}
		{FFD11ED1-A9F0-4597-85E2-973BED8C8B82} = {BF03F626-7AEA-478F-A35D-31EB5AE41C22}
		{A293CC08-3168-4262-888A-EF79F8CEAAE5} = {BF03F626-7AEA-478F-A35D-31EB5AE41C22}
		{D9B16738-0F10-4599-A9F0-197A5DB6D252} = {BF03F626-7AEA-478F-A35D-31EB5AE41C22}
		{51F3455B-ECBD-42F5-9859-A41DC678E395} = {BF03F626-7AEA-478F-A35D-31EB5AE41C22}
		{2648A937-01CA-48AB-AE2D-0D69EC36812E} = {BF03F626-7AEA-478F-A35D-31EB5AE41C22}
		{C6CBD655-34E1-45A8-A8E2-142594392F8B} = {F81E045D-488A-43B3-8833-311D9AF29234}
		{80C95698-19F7-4F6A-8DE7-1BA73DE12859} = {F81E045D-488A-43B3-8833-311D9AF29234}
		{6616D54F-0914-4873-8699-900ABDC21130} = {C6CBD655-34E1-45A8-A8E2-142594392F8B}
		{A5A46B85-991D-45EA-B712-476581FF781C} = {C6CBD655-34E1-45A8-A8E2-142594392F8B}
		{BE7186AE-CC38-48DA-9679-02848BA7AF95} = {C6CBD655-34E1-45A8-A8E2-142594392F8B}
		{913247D0-6C8C-4FAC-AF67-D0A415BEE420} = {C6CBD655-34E1-45A8-A8E2-142594392F8B}
		{157444D4-5FE3-49B5-B835-67F28301C535} = {C6CBD655-34E1-45A8-A8E2-142594392F8B}
		{2FA79434-280C-4897-8D35-CB2892AF8B2B} = {80C95698-19F7-4F6A-8DE7-1BA73DE12859}
		{EF8A25D3-21A6-4092-99DB-311A0A227079} = {80C95698-19F7-4F6A-8DE7-1BA73DE12859}
		{F9A32A0D-369E-4CF2-88F5-65F770ABF9D1} = {80C95698-19F7-4F6A-8DE7-1BA73DE12859}
		{5E5FFA57-C00C-48F2-8633-EDCD750AC787} = {80C95698-19F7-4F6A-8DE7-1BA73DE12859}
		{3CBA92CF-8154-44D9-88DF-86C478FABA83} = {80C95698-19F7-4F6A-8DE7-1BA73DE12859}
		{620A8B19-36C0-4B01-9A12-8748373706D4} = {80C95698-19F7-4F6A-8DE7-1BA73DE12859}
		{976B7BAE-EDB1-4873-8341-9064BF96CAD7} = {80C95698-19F7-4F6A-8DE7-1BA73DE12859}
		{EAB46831-907C-496B-890F-2A0D339F8095} = {80C95698-19F7-4F6A-8DE7-1BA73DE12859}
		{94AE2BF8-5553-43EC-898C-FA5113F827DE} = {1FCAF553-DE09-438A-A666-39A16B468849}
		{A620729C-4E14-4A06-BFDD-660D23AF3C57} = {1FCAF553-DE09-438A-A666-39A16B468849}
		{A7C319C4-D746-4BF4-8023-DCD213D05E58} = {BF03F626-7AEA-478F-A35D-31EB5AE41C22}
		{D9333660-7407-4594-9242-77AB0D1AF698} = {A7C319C4-D746-4BF4-8023-DCD213D05E58}
		{EDF94479-5574-4B9A-B067-39085423AD1F} = {EC3EDF30-BB79-4BC8-BEE1-64196E4B627C}
		{0F48DDAD-81AC-440E-BD15-8F53E83DAE84} = {EC3EDF30-BB79-4BC8-BEE1-64196E4B627C}
		{AD39F448-78EF-4D43-BC10-2977E3288DB5} = {EC3EDF30-BB79-4BC8-BEE1-64196E4B627C}
		{0BE27B7A-1A41-4448-B6EF-F60E6462B969} = {A7C319C4-D746-4BF4-8023-DCD213D05E58}
		{E91B83EB-5A52-4B98-BA50-77D12D75F56B} = {36F2A7A0-D41F-4B87-989B-5497B042176E}
		{0BF8AB47-BB46-40D2-B05B-105713D51573} = {36F2A7A0-D41F-4B87-989B-5497B042176E}
		{265D3B49-87AB-4715-8255-E79B2F238997} = {36F2A7A0-D41F-4B87-989B-5497B042176E}
		{873DF498-59DC-4654-9FBE-73460DE704AC} = {87C497EB-74CF-4414-BE42-AD31C4461322}
		{206FCCE2-8F6D-440E-A09B-5B5F9E6D5D47} = {87C497EB-74CF-4414-BE42-AD31C4461322}
		{F866AB7D-2606-4D56-9A19-D5E309F3A8E3} = {87C497EB-74CF-4414-BE42-AD31C4461322}
		{BFFA49A6-570E-46E8-82FF-1323C5197DFF} = {87C497EB-74CF-4414-BE42-AD31C4461322}
		{EA3C8BA1-87C2-46FC-8313-403919686EF5} = {87C497EB-74CF-4414-BE42-AD31C4461322}
		{DE41FA11-65F5-47DA-81DA-04A35A059F3F} = {87C497EB-74CF-4414-BE42-AD31C4461322}
		{FF881DAD-E38D-4E15-A959-2458DEACAC5B} = {87C497EB-74CF-4414-BE42-AD31C4461322}
		{F7738CF9-457A-4AE2-BC2E-2303DC52EBBB} = {87C497EB-74CF-4414-BE42-AD31C4461322}
		{48BB83D1-6019-4DBE-BC10-59303810EB46} = {87C497EB-74CF-4414-BE42-AD31C4461322}
		{A02D7F58-7DE2-447F-88C5-C747A8E2911A} = {87C497EB-74CF-4414-BE42-AD31C4461322}
		{F1BE1369-4FFA-4C9B-BA4C-A990A09CD813} = {87C497EB-74CF-4414-BE42-AD31C4461322}
		{685B0F90-7AF4-416D-B4D2-FA6EA39B56A9} = {36F2A7A0-D41F-4B87-989B-5497B042176E}
		{F20F4180-E9A5-4472-A551-F5FA5E9758B8} = {36F2A7A0-D41F-4B87-989B-5497B042176E}
		{C5954DA4-29F7-44E0-9541-C7B7BE484684} = {36F2A7A0-D41F-4B87-989B-5497B042176E}
		{2E919661-EEEC-40D9-AB57-5ABE0E1A3CDB} = {36F2A7A0-D41F-4B87-989B-5497B042176E}
		{E6621237-AAD1-4731-A24B-8E9EB70DF55E} = {36F2A7A0-D41F-4B87-989B-5497B042176E}
		{1A304AFC-898F-4F4B-9443-B5279097571C} = {36F2A7A0-D41F-4B87-989B-5497B042176E}
		{2B2C2073-6204-41E9-B2E9-FB6C367834BD} = {2E787F5E-BC04-4B18-AA02-BFB864EDC64E}
		{6FE058D9-4116-4EC3-AF54-85ACCD89D848} = {4F341E6A-C1AE-43A3-B132-C4FC66B3273B}
		{114557FB-F300-4E80-89AB-E11FFAF94C88} = {36F2A7A0-D41F-4B87-989B-5497B042176E}
		{A3F811AD-2296-4251-8625-4D5AD2008292} = {36F2A7A0-D41F-4B87-989B-5497B042176E}
		{5E4BF233-5ACB-40A3-9329-FFBF7A4E7951} = {36F2A7A0-D41F-4B87-989B-5497B042176E}
		{CD4349D4-E373-4060-A810-CF43F4D11C19} = {36F2A7A0-D41F-4B87-989B-5497B042176E}
		{5DFD19BD-6DEF-46FA-9366-40B49FAF951D} = {4F341E6A-C1AE-43A3-B132-C4FC66B3273B}
		{E58C5135-E1C7-4590-91C1-3242B9EA83BF} = {4F341E6A-C1AE-43A3-B132-C4FC66B3273B}
		{263AE7C3-44D2-43BF-BA0D-4F815CDCB346} = {4F341E6A-C1AE-43A3-B132-C4FC66B3273B}
		{538BA249-8F07-4A97-916A-F02203FDFE2F} = {4F341E6A-C1AE-43A3-B132-C4FC66B3273B}
		{26AF8085-8E12-4D77-8F06-5480F28F02BC} = {4F341E6A-C1AE-43A3-B132-C4FC66B3273B}
		{14C7E421-F6EB-4D5A-8ECD-4B7EC1AF794F} = {4F341E6A-C1AE-43A3-B132-C4FC66B3273B}
		{F9302BFD-B951-4BFF-B95F-B5F0A8811910} = {4F341E6A-C1AE-43A3-B132-C4FC66B3273B}
		{52591FEE-8BAB-4DDC-A3E1-451C770F65E2} = {6FE058D9-4116-4EC3-AF54-85ACCD89D848}
		{FA5B6B80-8523-4ACA-9148-512DC97F9519} = {6FE058D9-4116-4EC3-AF54-85ACCD89D848}
		{FAF468D0-5B7F-45B3-9D4B-8334B18FF490} = {6FE058D9-4116-4EC3-AF54-85ACCD89D848}
		{D4F3EA73-7279-4CB2-A6BE-9166CF49B310} = {6FE058D9-4116-4EC3-AF54-85ACCD89D848}
		{C4262705-CA4C-4039-BB2E-3595A4D52125} = {6FE058D9-4116-4EC3-AF54-85ACCD89D848}
		{61ABAC89-4C49-455B-A840-917021D33A7F} = {6FE058D9-4116-4EC3-AF54-85ACCD89D848}
		{AF2D5F92-4F5F-43C7-96A3-FB65CFC2F587} = {6FE058D9-4116-4EC3-AF54-85ACCD89D848}
		{9690C3FD-F9B5-4E3D-9158-5BBAF133E85A} = {2E787F5E-BC04-4B18-AA02-BFB864EDC64E}
		{C7CA680A-FC28-4820-859D-C7E8D45DDDB7} = {2E787F5E-BC04-4B18-AA02-BFB864EDC64E}
		{44A48394-9FE1-4F35-8A0A-05B4EE1E3FCA} = {2E787F5E-BC04-4B18-AA02-BFB864EDC64E}
		{70BD9958-77BE-4B4A-A141-F16AEF45C27A} = {2E787F5E-BC04-4B18-AA02-BFB864EDC64E}
		{EE4E83AA-74D5-449D-BC81-23AC026EA1E1} = {11BDAC29-B489-43B4-928F-D85622667E51}
	EndGlobalSection
	GlobalSection(ExtensibilityGlobals) = postSolution
		SolutionGuid = {AA4A9CC6-9BBF-4011-B845-196DF7598CBE}
	EndGlobalSection
EndGlobal
